
Microsoft Visual Studio Solution File, Format Version 12.00
# Visual Studio Version 17
VisualStudioVersion = 17.10.35013.160
MinimumVisualStudioVersion = 10.0.40219.1
Project("{00D1A9C2-B5F0-4AF3-8072-F6C62B433612}") = "FileOperationsCLR", "FileOperationsCLR.sqlproj", "{9AE2AEC3-D8B7-4F19-924E-828397DF3F6B}"
EndProject
Global
	GlobalSection(SolutionConfigurationPlatforms) = preSolution
		Debug|Any CPU = Debug|Any CPU
		Release|Any CPU = Release|Any CPU
	EndGlobalSection
	GlobalSection(ProjectConfigurationPlatforms) = postSolution
		{9AE2AEC3-D8B7-4F19-924E-828397DF3F6B}.Debug|Any CPU.ActiveCfg = Debug|Any CPU
		{9AE2AEC3-D8B7-4F19-924E-828397DF3F6B}.Debug|Any CPU.Build.0 = Debug|Any CPU
		{9AE2AEC3-D8B7-4F19-924E-828397DF3F6B}.Debug|Any CPU.Deploy.0 = Debug|Any CPU
		{9AE2AEC3-D8B7-4F19-924E-828397DF3F6B}.Release|Any CPU.ActiveCfg = Release|Any CPU
		{9AE2AEC3-D8B7-4F19-924E-828397DF3F6B}.Release|Any CPU.Build.0 = Release|Any CPU
		{9AE2AEC3-D8B7-4F19-924E-828397DF3F6B}.Release|Any CPU.Deploy.0 = Release|Any CPU
	EndGlobalSection
	GlobalSection(SolutionProperties) = preSolution
		HideSolutionNode = FALSE
	EndGlobalSection
	GlobalSection(ExtensibilityGlobals) = postSolution
		SolutionGuid = {E1150F2B-3E68-4F74-8CC6-13A62E67A891}
	EndGlobalSection
EndGlobal
